
Microsoft Visual Studio Solution File, Format Version 12.00
# Visual Studio Version 17
VisualStudioVersion = 17.9.34622.214
MinimumVisualStudioVersion = 10.0.40219.1
Project("{8BC9CEB8-8B4A-11D0-8D11-00A0C91BC942}") = "2-a ~ 2~t", "2-a ~ 2~t.vcxproj", "{229C9EE5-D812-4FCE-8ACB-C939265A92C7}"
EndProject
Project("{8BC9CEB8-8B4A-11D0-8D11-00A0C91BC942}") = "2-a", "..\2-a\2-a.vcxproj", "{7298FD93-D887-4569-BAFF-31D3C2813773}"
EndProject
Project("{8BC9CEB8-8B4A-11D0-8D11-00A0C91BC942}") = "2-b", "..\2-b\2-b.vcxproj", "{C5E68B82-551E-4E67-B336-4986D562BA7E}"
EndProject
Project("{8BC9CEB8-8B4A-11D0-8D11-00A0C91BC942}") = "2-c", "..\2-c\2-c.vcxproj", "{1E3DB8F2-EDAC-4C81-B34B-27536FCC2E8A}"
EndProject
Project("{8BC9CEB8-8B4A-11D0-8D11-00A0C91BC942}") = "2-d", "..\2-d\2-d.vcxproj", "{107DE497-0326-4B86-9D97-D5884BB6870E}"
EndProject
Project("{8BC9CEB8-8B4A-11D0-8D11-00A0C91BC942}") = "2-e", "..\2-e\2-e.vcxproj", "{E36D08B4-33B8-4277-876B-00E7EC36407D}"
EndProject
Project("{8BC9CEB8-8B4A-11D0-8D11-00A0C91BC942}") = "2-f", "..\2-f\2-f.vcxproj", "{D92A757B-DAD7-4407-9E31-44AF146CFB00}"
EndProject
Project("{8BC9CEB8-8B4A-11D0-8D11-00A0C91BC942}") = "2-g", "..\2-g\2-g.vcxproj", "{DE2672D3-6886-456E-A82D-773C0C33683F}"
EndProject
Project("{8BC9CEB8-8B4A-11D0-8D11-00A0C91BC942}") = "2-h", "..\2-h\2-h.vcxproj", "{528FEADC-B46F-4212-84C0-44D7A842573C}"
EndProject
Project("{8BC9CEB8-8B4A-11D0-8D11-00A0C91BC942}") = "2-i", "..\2-i\2-i.vcxproj", "{D0D4FC9F-C7C9-41FA-9155-6D3D370A1EFC}"
EndProject
Project("{8BC9CEB8-8B4A-11D0-8D11-00A0C91BC942}") = "2-j", "..\2-j\2-j.vcxproj", "{F87B620C-ACF6-4404-A870-4DF4FE8F4FDE}"
EndProject
Project("{8BC9CEB8-8B4A-11D0-8D11-00A0C91BC942}") = "2-k", "..\2-k\2-k.vcxproj", "{B42CC437-06F0-4ABA-B21E-C17044430CE6}"
EndProject
Project("{8BC9CEB8-8B4A-11D0-8D11-00A0C91BC942}") = "2-l", "..\2-l\2-l.vcxproj", "{2AF492CC-A2ED-4DAB-8A74-374F1376F531}"
EndProject
Project("{8BC9CEB8-8B4A-11D0-8D11-00A0C91BC942}") = "2-n", "..\2-n\2-n.vcxproj", "{356ECE4A-9C34-49BF-B23F-8AA4342D2025}"
EndProject
Project("{8BC9CEB8-8B4A-11D0-8D11-00A0C91BC942}") = "2-o", "..\2-o\2-o.vcxproj", "{5674AE9F-9BA6-45D2-A03E-C8857A1F693E}"
EndProject
Project("{8BC9CEB8-8B4A-11D0-8D11-00A0C91BC942}") = "2-p", "..\2-p\2-p.vcxproj", "{4F187215-99EF-430C-B66E-D5EAA6059820}"
EndProject
Global
	GlobalSection(SolutionConfigurationPlatforms) = preSolution
		Debug|x64 = Debug|x64
		Debug|x86 = Debug|x86
		Release|x64 = Release|x64
		Release|x86 = Release|x86
	EndGlobalSection
	GlobalSection(ProjectConfigurationPlatforms) = postSolution
		{229C9EE5-D812-4FCE-8ACB-C939265A92C7}.Debug|x64.ActiveCfg = Debug|x64
		{229C9EE5-D812-4FCE-8ACB-C939265A92C7}.Debug|x64.Build.0 = Debug|x64
		{229C9EE5-D812-4FCE-8ACB-C939265A92C7}.Debug|x86.ActiveCfg = Debug|Win32
		{229C9EE5-D812-4FCE-8ACB-C939265A92C7}.Debug|x86.Build.0 = Debug|Win32
		{229C9EE5-D812-4FCE-8ACB-C939265A92C7}.Release|x64.ActiveCfg = Release|x64
		{229C9EE5-D812-4FCE-8ACB-C939265A92C7}.Release|x64.Build.0 = Release|x64
		{229C9EE5-D812-4FCE-8ACB-C939265A92C7}.Release|x86.ActiveCfg = Release|Win32
		{229C9EE5-D812-4FCE-8ACB-C939265A92C7}.Release|x86.Build.0 = Release|Win32
		{7298FD93-D887-4569-BAFF-31D3C2813773}.Debug|x64.ActiveCfg = Debug|x64
		{7298FD93-D887-4569-BAFF-31D3C2813773}.Debug|x64.Build.0 = Debug|x64
		{7298FD93-D887-4569-BAFF-31D3C2813773}.Debug|x86.ActiveCfg = Debug|Win32
		{7298FD93-D887-4569-BAFF-31D3C2813773}.Debug|x86.Build.0 = Debug|Win32
		{7298FD93-D887-4569-BAFF-31D3C2813773}.Release|x64.ActiveCfg = Release|x64
		{7298FD93-D887-4569-BAFF-31D3C2813773}.Release|x64.Build.0 = Release|x64
		{7298FD93-D887-4569-BAFF-31D3C2813773}.Release|x86.ActiveCfg = Release|Win32
		{7298FD93-D887-4569-BAFF-31D3C2813773}.Release|x86.Build.0 = Release|Win32
		{C5E68B82-551E-4E67-B336-4986D562BA7E}.Debug|x64.ActiveCfg = Debug|x64
		{C5E68B82-551E-4E67-B336-4986D562BA7E}.Debug|x64.Build.0 = Debug|x64
		{C5E68B82-551E-4E67-B336-4986D562BA7E}.Debug|x86.ActiveCfg = Debug|Win32
		{C5E68B82-551E-4E67-B336-4986D562BA7E}.Debug|x86.Build.0 = Debug|Win32
		{C5E68B82-551E-4E67-B336-4986D562BA7E}.Release|x64.ActiveCfg = Release|x64
		{C5E68B82-551E-4E67-B336-4986D562BA7E}.Release|x64.Build.0 = Release|x64
		{C5E68B82-551E-4E67-B336-4986D562BA7E}.Release|x86.ActiveCfg = Release|Win32
		{C5E68B82-551E-4E67-B336-4986D562BA7E}.Release|x86.Build.0 = Release|Win32
		{1E3DB8F2-EDAC-4C81-B34B-27536FCC2E8A}.Debug|x64.ActiveCfg = Debug|x64
		{1E3DB8F2-EDAC-4C81-B34B-27536FCC2E8A}.Debug|x64.Build.0 = Debug|x64
		{1E3DB8F2-EDAC-4C81-B34B-27536FCC2E8A}.Debug|x86.ActiveCfg = Debug|Win32
		{1E3DB8F2-EDAC-4C81-B34B-27536FCC2E8A}.Debug|x86.Build.0 = Debug|Win32
		{1E3DB8F2-EDAC-4C81-B34B-27536FCC2E8A}.Release|x64.ActiveCfg = Release|x64
		{1E3DB8F2-EDAC-4C81-B34B-27536FCC2E8A}.Release|x64.Build.0 = Release|x64
		{1E3DB8F2-EDAC-4C81-B34B-27536FCC2E8A}.Release|x86.ActiveCfg = Release|Win32
		{1E3DB8F2-EDAC-4C81-B34B-27536FCC2E8A}.Release|x86.Build.0 = Release|Win32
		{107DE497-0326-4B86-9D97-D5884BB6870E}.Debug|x64.ActiveCfg = Debug|x64
		{107DE497-0326-4B86-9D97-D5884BB6870E}.Debug|x64.Build.0 = Debug|x64
		{107DE497-0326-4B86-9D97-D5884BB6870E}.Debug|x86.ActiveCfg = Debug|Win32
		{107DE497-0326-4B86-9D97-D5884BB6870E}.Debug|x86.Build.0 = Debug|Win32
		{107DE497-0326-4B86-9D97-D5884BB6870E}.Release|x64.ActiveCfg = Release|x64
		{107DE497-0326-4B86-9D97-D5884BB6870E}.Release|x64.Build.0 = Release|x64
		{107DE497-0326-4B86-9D97-D5884BB6870E}.Release|x86.ActiveCfg = Release|Win32
		{107DE497-0326-4B86-9D97-D5884BB6870E}.Release|x86.Build.0 = Release|Win32
		{E36D08B4-33B8-4277-876B-00E7EC36407D}.Debug|x64.ActiveCfg = Debug|x64
		{E36D08B4-33B8-4277-876B-00E7EC36407D}.Debug|x64.Build.0 = Debug|x64
		{E36D08B4-33B8-4277-876B-00E7EC36407D}.Debug|x86.ActiveCfg = Debug|Win32
		{E36D08B4-33B8-4277-876B-00E7EC36407D}.Debug|x86.Build.0 = Debug|Win32
		{E36D08B4-33B8-4277-876B-00E7EC36407D}.Release|x64.ActiveCfg = Release|x64
		{E36D08B4-33B8-4277-876B-00E7EC36407D}.Release|x64.Build.0 = Release|x64
		{E36D08B4-33B8-4277-876B-00E7EC36407D}.Release|x86.ActiveCfg = Release|Win32
		{E36D08B4-33B8-4277-876B-00E7EC36407D}.Release|x86.Build.0 = Release|Win32
		{D92A757B-DAD7-4407-9E31-44AF146CFB00}.Debug|x64.ActiveCfg = Debug|x64
		{D92A757B-DAD7-4407-9E31-44AF146CFB00}.Debug|x64.Build.0 = Debug|x64
		{D92A757B-DAD7-4407-9E31-44AF146CFB00}.Debug|x86.ActiveCfg = Debug|Win32
		{D92A757B-DAD7-4407-9E31-44AF146CFB00}.Debug|x86.Build.0 = Debug|Win32
		{D92A757B-DAD7-4407-9E31-44AF146CFB00}.Release|x64.ActiveCfg = Release|x64
		{D92A757B-DAD7-4407-9E31-44AF146CFB00}.Release|x64.Build.0 = Release|x64
		{D92A757B-DAD7-4407-9E31-44AF146CFB00}.Release|x86.ActiveCfg = Release|Win32
		{D92A757B-DAD7-4407-9E31-44AF146CFB00}.Release|x86.Build.0 = Release|Win32
		{DE2672D3-6886-456E-A82D-773C0C33683F}.Debug|x64.ActiveCfg = Debug|x64
		{DE2672D3-6886-456E-A82D-773C0C33683F}.Debug|x64.Build.0 = Debug|x64
		{DE2672D3-6886-456E-A82D-773C0C33683F}.Debug|x86.ActiveCfg = Debug|Win32
		{DE2672D3-6886-456E-A82D-773C0C33683F}.Debug|x86.Build.0 = Debug|Win32
		{DE2672D3-6886-456E-A82D-773C0C33683F}.Release|x64.ActiveCfg = Release|x64
		{DE2672D3-6886-456E-A82D-773C0C33683F}.Release|x64.Build.0 = Release|x64
		{DE2672D3-6886-456E-A82D-773C0C33683F}.Release|x86.ActiveCfg = Release|Win32
		{DE2672D3-6886-456E-A82D-773C0C33683F}.Release|x86.Build.0 = Release|Win32
		{528FEADC-B46F-4212-84C0-44D7A842573C}.Debug|x64.ActiveCfg = Debug|x64
		{528FEADC-B46F-4212-84C0-44D7A842573C}.Debug|x64.Build.0 = Debug|x64
		{528FEADC-B46F-4212-84C0-44D7A842573C}.Debug|x86.ActiveCfg = Debug|Win32
		{528FEADC-B46F-4212-84C0-44D7A842573C}.Debug|x86.Build.0 = Debug|Win32
		{528FEADC-B46F-4212-84C0-44D7A842573C}.Release|x64.ActiveCfg = Release|x64
		{528FEADC-B46F-4212-84C0-44D7A842573C}.Release|x64.Build.0 = Release|x64
		{528FEADC-B46F-4212-84C0-44D7A842573C}.Release|x86.ActiveCfg = Release|Win32
		{528FEADC-B46F-4212-84C0-44D7A842573C}.Release|x86.Build.0 = Release|Win32
		{D0D4FC9F-C7C9-41FA-9155-6D3D370A1EFC}.Debug|x64.ActiveCfg = Debug|x64
		{D0D4FC9F-C7C9-41FA-9155-6D3D370A1EFC}.Debug|x64.Build.0 = Debug|x64
		{D0D4FC9F-C7C9-41FA-9155-6D3D370A1EFC}.Debug|x86.ActiveCfg = Debug|Win32
		{D0D4FC9F-C7C9-41FA-9155-6D3D370A1EFC}.Debug|x86.Build.0 = Debug|Win32
		{D0D4FC9F-C7C9-41FA-9155-6D3D370A1EFC}.Release|x64.ActiveCfg = Release|x64
		{D0D4FC9F-C7C9-41FA-9155-6D3D370A1EFC}.Release|x64.Build.0 = Release|x64
		{D0D4FC9F-C7C9-41FA-9155-6D3D370A1EFC}.Release|x86.ActiveCfg = Release|Win32
		{D0D4FC9F-C7C9-41FA-9155-6D3D370A1EFC}.Release|x86.Build.0 = Release|Win32
		{F87B620C-ACF6-4404-A870-4DF4FE8F4FDE}.Debug|x64.ActiveCfg = Debug|x64
		{F87B620C-ACF6-4404-A870-4DF4FE8F4FDE}.Debug|x64.Build.0 = Debug|x64
		{F87B620C-ACF6-4404-A870-4DF4FE8F4FDE}.Debug|x86.ActiveCfg = Debug|Win32
		{F87B620C-ACF6-4404-A870-4DF4FE8F4FDE}.Debug|x86.Build.0 = Debug|Win32
		{F87B620C-ACF6-4404-A870-4DF4FE8F4FDE}.Release|x64.ActiveCfg = Release|x64
		{F87B620C-ACF6-4404-A870-4DF4FE8F4FDE}.Release|x64.Build.0 = Release|x64
		{F87B620C-ACF6-4404-A870-4DF4FE8F4FDE}.Release|x86.ActiveCfg = Release|Win32
		{F87B620C-ACF6-4404-A870-4DF4FE8F4FDE}.Release|x86.Build.0 = Release|Win32
		{B42CC437-06F0-4ABA-B21E-C17044430CE6}.Debug|x64.ActiveCfg = Debug|x64
		{B42CC437-06F0-4ABA-B21E-C17044430CE6}.Debug|x64.Build.0 = Debug|x64
		{B42CC437-06F0-4ABA-B21E-C17044430CE6}.Debug|x86.ActiveCfg = Debug|Win32
		{B42CC437-06F0-4ABA-B21E-C17044430CE6}.Debug|x86.Build.0 = Debug|Win32
		{B42CC437-06F0-4ABA-B21E-C17044430CE6}.Release|x64.ActiveCfg = Release|x64
		{B42CC437-06F0-4ABA-B21E-C17044430CE6}.Release|x64.Build.0 = Release|x64
		{B42CC437-06F0-4ABA-B21E-C17044430CE6}.Release|x86.ActiveCfg = Release|Win32
		{B42CC437-06F0-4ABA-B21E-C17044430CE6}.Release|x86.Build.0 = Release|Win32
		{2AF492CC-A2ED-4DAB-8A74-374F1376F531}.Debug|x64.ActiveCfg = Debug|x64
		{2AF492CC-A2ED-4DAB-8A74-374F1376F531}.Debug|x64.Build.0 = Debug|x64
		{2AF492CC-A2ED-4DAB-8A74-374F1376F531}.Debug|x86.ActiveCfg = Debug|Win32
		{2AF492CC-A2ED-4DAB-8A74-374F1376F531}.Debug|x86.Build.0 = Debug|Win32
		{2AF492CC-A2ED-4DAB-8A74-374F1376F531}.Release|x64.ActiveCfg = Release|x64
		{2AF492CC-A2ED-4DAB-8A74-374F1376F531}.Release|x64.Build.0 = Release|x64
		{2AF492CC-A2ED-4DAB-8A74-374F1376F531}.Release|x86.ActiveCfg = Release|Win32
		{2AF492CC-A2ED-4DAB-8A74-374F1376F531}.Release|x86.Build.0 = Release|Win32
		{356ECE4A-9C34-49BF-B23F-8AA4342D2025}.Debug|x64.ActiveCfg = Debug|x64
		{356ECE4A-9C34-49BF-B23F-8AA4342D2025}.Debug|x64.Build.0 = Debug|x64
		{356ECE4A-9C34-49BF-B23F-8AA4342D2025}.Debug|x86.ActiveCfg = Debug|Win32
		{356ECE4A-9C34-49BF-B23F-8AA4342D2025}.Debug|x86.Build.0 = Debug|Win32
		{356ECE4A-9C34-49BF-B23F-8AA4342D2025}.Release|x64.ActiveCfg = Release|x64
		{356ECE4A-9C34-49BF-B23F-8AA4342D2025}.Release|x64.Build.0 = Release|x64
		{356ECE4A-9C34-49BF-B23F-8AA4342D2025}.Release|x86.ActiveCfg = Release|Win32
		{356ECE4A-9C34-49BF-B23F-8AA4342D2025}.Release|x86.Build.0 = Release|Win32
		{5674AE9F-9BA6-45D2-A03E-C8857A1F693E}.Debug|x64.ActiveCfg = Debug|x64
		{5674AE9F-9BA6-45D2-A03E-C8857A1F693E}.Debug|x64.Build.0 = Debug|x64
		{5674AE9F-9BA6-45D2-A03E-C8857A1F693E}.Debug|x86.ActiveCfg = Debug|Win32
		{5674AE9F-9BA6-45D2-A03E-C8857A1F693E}.Debug|x86.Build.0 = Debug|Win32
		{5674AE9F-9BA6-45D2-A03E-C8857A1F693E}.Release|x64.ActiveCfg = Release|x64
		{5674AE9F-9BA6-45D2-A03E-C8857A1F693E}.Release|x64.Build.0 = Release|x64
		{5674AE9F-9BA6-45D2-A03E-C8857A1F693E}.Release|x86.ActiveCfg = Release|Win32
		{5674AE9F-9BA6-45D2-A03E-C8857A1F693E}.Release|x86.Build.0 = Release|Win32
		{4F187215-99EF-430C-B66E-D5EAA6059820}.Debug|x64.ActiveCfg = Debug|x64
		{4F187215-99EF-430C-B66E-D5EAA6059820}.Debug|x64.Build.0 = Debug|x64
		{4F187215-99EF-430C-B66E-D5EAA6059820}.Debug|x86.ActiveCfg = Debug|Win32
		{4F187215-99EF-430C-B66E-D5EAA6059820}.Debug|x86.Build.0 = Debug|Win32
		{4F187215-99EF-430C-B66E-D5EAA6059820}.Release|x64.ActiveCfg = Release|x64
		{4F187215-99EF-430C-B66E-D5EAA6059820}.Release|x64.Build.0 = Release|x64
		{4F187215-99EF-430C-B66E-D5EAA6059820}.Release|x86.ActiveCfg = Release|Win32
		{4F187215-99EF-430C-B66E-D5EAA6059820}.Release|x86.Build.0 = Release|Win32
	EndGlobalSection
	GlobalSection(SolutionProperties) = preSolution
		HideSolutionNode = FALSE
	EndGlobalSection
	GlobalSection(ExtensibilityGlobals) = postSolution
		SolutionGuid = {E05AE92B-2BFE-495E-8ADC-9E71EA1330B6}
	EndGlobalSection
EndGlobal
